// !$*UTF8*$!
{
	archiveVersion = 1;
	classes = {
	};
	objectVersion = 56;
	objects = {

/* Begin PBXBuildFile section */
		5D8757F62BF262F300B49E2B /* Fetch_ProjectApp.swift in Sources */ = {isa = PBXBuildFile; fileRef = 5D8757F52BF262F300B49E2B /* Fetch_ProjectApp.swift */; };
		5D8757F82BF262F300B49E2B /* ContentView.swift in Sources */ = {isa = PBXBuildFile; fileRef = 5D8757F72BF262F300B49E2B /* ContentView.swift */; };
		5D8757FA2BF262F600B49E2B /* Assets.xcassets in Resources */ = {isa = PBXBuildFile; fileRef = 5D8757F92BF262F600B49E2B /* Assets.xcassets */; };
		5D8757FD2BF262F600B49E2B /* Preview Assets.xcassets in Resources */ = {isa = PBXBuildFile; fileRef = 5D8757FC2BF262F600B49E2B /* Preview Assets.xcassets */; };
		5D8758072BF262F600B49E2B /* Fetch_ProjectTests.swift in Sources */ = {isa = PBXBuildFile; fileRef = 5D8758062BF262F600B49E2B /* Fetch_ProjectTests.swift */; };
		5D8758112BF262F600B49E2B /* Fetch_ProjectUITests.swift in Sources */ = {isa = PBXBuildFile; fileRef = 5D8758102BF262F600B49E2B /* Fetch_ProjectUITests.swift */; };
		5D8758132BF262F600B49E2B /* Fetch_ProjectUITestsLaunchTests.swift in Sources */ = {isa = PBXBuildFile; fileRef = 5D8758122BF262F600B49E2B /* Fetch_ProjectUITestsLaunchTests.swift */; };
		5D8758212BF26A1E00B49E2B /* Meals.swift in Sources */ = {isa = PBXBuildFile; fileRef = 5D8758202BF26A1E00B49E2B /* Meals.swift */; };
		5D8758232BF26A3D00B49E2B /* MealsView.swift in Sources */ = {isa = PBXBuildFile; fileRef = 5D8758222BF26A3D00B49E2B /* MealsView.swift */; };
		5D8758252BF26A4900B49E2B /* MealsViewModel.swift in Sources */ = {isa = PBXBuildFile; fileRef = 5D8758242BF26A4900B49E2B /* MealsViewModel.swift */; };
/* End PBXBuildFile section */

/* Begin PBXContainerItemProxy section */
		5D8758032BF262F600B49E2B /* PBXContainerItemProxy */ = {
			isa = PBXContainerItemProxy;
			containerPortal = 5D8757EA2BF262F300B49E2B /* Project object */;
			proxyType = 1;
			remoteGlobalIDString = 5D8757F12BF262F300B49E2B;
			remoteInfo = "Fetch Project";
		};
		5D87580D2BF262F600B49E2B /* PBXContainerItemProxy */ = {
			isa = PBXContainerItemProxy;
			containerPortal = 5D8757EA2BF262F300B49E2B /* Project object */;
			proxyType = 1;
			remoteGlobalIDString = 5D8757F12BF262F300B49E2B;
			remoteInfo = "Fetch Project";
		};
/* End PBXContainerItemProxy section */

/* Begin PBXFileReference section */
		5D8757F22BF262F300B49E2B /* Fetch Project.app */ = {isa = PBXFileReference; explicitFileType = wrapper.application; includeInIndex = 0; path = "Fetch Project.app"; sourceTree = BUILT_PRODUCTS_DIR; };
		5D8757F52BF262F300B49E2B /* Fetch_ProjectApp.swift */ = {isa = PBXFileReference; lastKnownFileType = sourcecode.swift; path = Fetch_ProjectApp.swift; sourceTree = "<group>"; };
		5D8757F72BF262F300B49E2B /* ContentView.swift */ = {isa = PBXFileReference; lastKnownFileType = sourcecode.swift; path = ContentView.swift; sourceTree = "<group>"; };
		5D8757F92BF262F600B49E2B /* Assets.xcassets */ = {isa = PBXFileReference; lastKnownFileType = folder.assetcatalog; path = Assets.xcassets; sourceTree = "<group>"; };
		5D8757FC2BF262F600B49E2B /* Preview Assets.xcassets */ = {isa = PBXFileReference; lastKnownFileType = folder.assetcatalog; path = "Preview Assets.xcassets"; sourceTree = "<group>"; };
		5D8758022BF262F600B49E2B /* Fetch ProjectTests.xctest */ = {isa = PBXFileReference; explicitFileType = wrapper.cfbundle; includeInIndex = 0; path = "Fetch ProjectTests.xctest"; sourceTree = BUILT_PRODUCTS_DIR; };
		5D8758062BF262F600B49E2B /* Fetch_ProjectTests.swift */ = {isa = PBXFileReference; lastKnownFileType = sourcecode.swift; path = Fetch_ProjectTests.swift; sourceTree = "<group>"; };
		5D87580C2BF262F600B49E2B /* Fetch ProjectUITests.xctest */ = {isa = PBXFileReference; explicitFileType = wrapper.cfbundle; includeInIndex = 0; path = "Fetch ProjectUITests.xctest"; sourceTree = BUILT_PRODUCTS_DIR; };
		5D8758102BF262F600B49E2B /* Fetch_ProjectUITests.swift */ = {isa = PBXFileReference; lastKnownFileType = sourcecode.swift; path = Fetch_ProjectUITests.swift; sourceTree = "<group>"; };
		5D8758122BF262F600B49E2B /* Fetch_ProjectUITestsLaunchTests.swift */ = {isa = PBXFileReference; lastKnownFileType = sourcecode.swift; path = Fetch_ProjectUITestsLaunchTests.swift; sourceTree = "<group>"; };
		5D8758202BF26A1E00B49E2B /* Meals.swift */ = {isa = PBXFileReference; lastKnownFileType = sourcecode.swift; path = Meals.swift; sourceTree = "<group>"; };
		5D8758222BF26A3D00B49E2B /* MealsView.swift */ = {isa = PBXFileReference; lastKnownFileType = sourcecode.swift; path = MealsView.swift; sourceTree = "<group>"; };
		5D8758242BF26A4900B49E2B /* MealsViewModel.swift */ = {isa = PBXFileReference; lastKnownFileType = sourcecode.swift; path = MealsViewModel.swift; sourceTree = "<group>"; };
		5D8758262BF2BE4900B49E2B /* Fetch-Project-Info.plist */ = {isa = PBXFileReference; lastKnownFileType = text.plist; path = "Fetch-Project-Info.plist"; sourceTree = SOURCE_ROOT; };
/* End PBXFileReference section */

/* Begin PBXFrameworksBuildPhase section */
		5D8757EF2BF262F300B49E2B /* Frameworks */ = {
			isa = PBXFrameworksBuildPhase;
			buildActionMask = 2147483647;
			files = (
			);
			runOnlyForDeploymentPostprocessing = 0;
		};
		5D8757FF2BF262F600B49E2B /* Frameworks */ = {
			isa = PBXFrameworksBuildPhase;
			buildActionMask = 2147483647;
			files = (
			);
			runOnlyForDeploymentPostprocessing = 0;
		};
		5D8758092BF262F600B49E2B /* Frameworks */ = {
			isa = PBXFrameworksBuildPhase;
			buildActionMask = 2147483647;
			files = (
			);
			runOnlyForDeploymentPostprocessing = 0;
		};
/* End PBXFrameworksBuildPhase section */

/* Begin PBXGroup section */
		5D8757E92BF262F300B49E2B = {
			isa = PBXGroup;
			children = (
				5D8757F42BF262F300B49E2B /* Fetch Project */,
				5D8758052BF262F600B49E2B /* Fetch ProjectTests */,
				5D87580F2BF262F600B49E2B /* Fetch ProjectUITests */,
				5D8757F32BF262F300B49E2B /* Products */,
			);
			sourceTree = "<group>";
		};
		5D8757F32BF262F300B49E2B /* Products */ = {
			isa = PBXGroup;
			children = (
				5D8757F22BF262F300B49E2B /* Fetch Project.app */,
				5D8758022BF262F600B49E2B /* Fetch ProjectTests.xctest */,
				5D87580C2BF262F600B49E2B /* Fetch ProjectUITests.xctest */,
			);
			name = Products;
			sourceTree = "<group>";
		};
		5D8757F42BF262F300B49E2B /* Fetch Project */ = {
			isa = PBXGroup;
			children = (
				5D8758262BF2BE4900B49E2B /* Fetch-Project-Info.plist */,
				5D87581F2BF269DC00B49E2B /* Meals */,
				5D8757F52BF262F300B49E2B /* Fetch_ProjectApp.swift */,
				5D8757F72BF262F300B49E2B /* ContentView.swift */,
				5D8757F92BF262F600B49E2B /* Assets.xcassets */,
				5D8757FB2BF262F600B49E2B /* Preview Content */,
			);
			path = "Fetch Project";
			sourceTree = "<group>";
		};
		5D8757FB2BF262F600B49E2B /* Preview Content */ = {
			isa = PBXGroup;
			children = (
				5D8757FC2BF262F600B49E2B /* Preview Assets.xcassets */,
			);
			path = "Preview Content";
			sourceTree = "<group>";
		};
		5D8758052BF262F600B49E2B /* Fetch ProjectTests */ = {
			isa = PBXGroup;
			children = (
				5D8758062BF262F600B49E2B /* Fetch_ProjectTests.swift */,
			);
			path = "Fetch ProjectTests";
			sourceTree = "<group>";
		};
		5D87580F2BF262F600B49E2B /* Fetch ProjectUITests */ = {
			isa = PBXGroup;
			children = (
				5D8758102BF262F600B49E2B /* Fetch_ProjectUITests.swift */,
				5D8758122BF262F600B49E2B /* Fetch_ProjectUITestsLaunchTests.swift */,
			);
			path = "Fetch ProjectUITests";
			sourceTree = "<group>";
		};
		5D87581F2BF269DC00B49E2B /* Meals */ = {
			isa = PBXGroup;
			children = (
				5D8758202BF26A1E00B49E2B /* Meals.swift */,
				5D8758222BF26A3D00B49E2B /* MealsView.swift */,
				5D8758242BF26A4900B49E2B /* MealsViewModel.swift */,
			);
			path = Meals;
			sourceTree = "<group>";
		};
/* End PBXGroup section */

/* Begin PBXNativeTarget section */
		5D8757F12BF262F300B49E2B /* Fetch Project */ = {
			isa = PBXNativeTarget;
			buildConfigurationList = 5D8758162BF262F600B49E2B /* Build configuration list for PBXNativeTarget "Fetch Project" */;
			buildPhases = (
				5D8757EE2BF262F300B49E2B /* Sources */,
				5D8757EF2BF262F300B49E2B /* Frameworks */,
				5D8757F02BF262F300B49E2B /* Resources */,
			);
			buildRules = (
			);
			dependencies = (
			);
			name = "Fetch Project";
			productName = "Fetch Project";
			productReference = 5D8757F22BF262F300B49E2B /* Fetch Project.app */;
			productType = "com.apple.product-type.application";
		};
		5D8758012BF262F600B49E2B /* Fetch ProjectTests */ = {
			isa = PBXNativeTarget;
			buildConfigurationList = 5D8758192BF262F600B49E2B /* Build configuration list for PBXNativeTarget "Fetch ProjectTests" */;
			buildPhases = (
				5D8757FE2BF262F600B49E2B /* Sources */,
				5D8757FF2BF262F600B49E2B /* Frameworks */,
				5D8758002BF262F600B49E2B /* Resources */,
			);
			buildRules = (
			);
			dependencies = (
				5D8758042BF262F600B49E2B /* PBXTargetDependency */,
			);
			name = "Fetch ProjectTests";
			productName = "Fetch ProjectTests";
			productReference = 5D8758022BF262F600B49E2B /* Fetch ProjectTests.xctest */;
			productType = "com.apple.product-type.bundle.unit-test";
		};
		5D87580B2BF262F600B49E2B /* Fetch ProjectUITests */ = {
			isa = PBXNativeTarget;
			buildConfigurationList = 5D87581C2BF262F600B49E2B /* Build configuration list for PBXNativeTarget "Fetch ProjectUITests" */;
			buildPhases = (
				5D8758082BF262F600B49E2B /* Sources */,
				5D8758092BF262F600B49E2B /* Frameworks */,
				5D87580A2BF262F600B49E2B /* Resources */,
			);
			buildRules = (
			);
			dependencies = (
				5D87580E2BF262F600B49E2B /* PBXTargetDependency */,
			);
			name = "Fetch ProjectUITests";
			productName = "Fetch ProjectUITests";
			productReference = 5D87580C2BF262F600B49E2B /* Fetch ProjectUITests.xctest */;
			productType = "com.apple.product-type.bundle.ui-testing";
		};
/* End PBXNativeTarget section */

/* Begin PBXProject section */
		5D8757EA2BF262F300B49E2B /* Project object */ = {
			isa = PBXProject;
			attributes = {
				BuildIndependentTargetsInParallel = 1;
				LastSwiftUpdateCheck = 1530;
				LastUpgradeCheck = 1530;
				TargetAttributes = {
					5D8757F12BF262F300B49E2B = {
						CreatedOnToolsVersion = 15.3;
					};
					5D8758012BF262F600B49E2B = {
						CreatedOnToolsVersion = 15.3;
						TestTargetID = 5D8757F12BF262F300B49E2B;
					};
					5D87580B2BF262F600B49E2B = {
						CreatedOnToolsVersion = 15.3;
						TestTargetID = 5D8757F12BF262F300B49E2B;
					};
				};
			};
			buildConfigurationList = 5D8757ED2BF262F300B49E2B /* Build configuration list for PBXProject "Fetch Project" */;
			compatibilityVersion = "Xcode 14.0";
			developmentRegion = en;
			hasScannedForEncodings = 0;
			knownRegions = (
				en,
				Base,
			);
			mainGroup = 5D8757E92BF262F300B49E2B;
			productRefGroup = 5D8757F32BF262F300B49E2B /* Products */;
			projectDirPath = "";
			projectRoot = "";
			targets = (
				5D8757F12BF262F300B49E2B /* Fetch Project */,
				5D8758012BF262F600B49E2B /* Fetch ProjectTests */,
				5D87580B2BF262F600B49E2B /* Fetch ProjectUITests */,
			);
		};
/* End PBXProject section */

/* Begin PBXResourcesBuildPhase section */
		5D8757F02BF262F300B49E2B /* Resources */ = {
			isa = PBXResourcesBuildPhase;
			buildActionMask = 2147483647;
			files = (
				5D8757FD2BF262F600B49E2B /* Preview Assets.xcassets in Resources */,
				5D8757FA2BF262F600B49E2B /* Assets.xcassets in Resources */,
			);
			runOnlyForDeploymentPostprocessing = 0;
		};
		5D8758002BF262F600B49E2B /* Resources */ = {
			isa = PBXResourcesBuildPhase;
			buildActionMask = 2147483647;
			files = (
			);
			runOnlyForDeploymentPostprocessing = 0;
		};
		5D87580A2BF262F600B49E2B /* Resources */ = {
			isa = PBXResourcesBuildPhase;
			buildActionMask = 2147483647;
			files = (
			);
			runOnlyForDeploymentPostprocessing = 0;
		};
/* End PBXResourcesBuildPhase section */

/* Begin PBXSourcesBuildPhase section */
		5D8757EE2BF262F300B49E2B /* Sources */ = {
			isa = PBXSourcesBuildPhase;
			buildActionMask = 2147483647;
			files = (
				5D8758212BF26A1E00B49E2B /* Meals.swift in Sources */,
				5D8757F82BF262F300B49E2B /* ContentView.swift in Sources */,
				5D8757F62BF262F300B49E2B /* Fetch_ProjectApp.swift in Sources */,
				5D8758252BF26A4900B49E2B /* MealsViewModel.swift in Sources */,
				5D8758232BF26A3D00B49E2B /* MealsView.swift in Sources */,
			);
			runOnlyForDeploymentPostprocessing = 0;
		};
		5D8757FE2BF262F600B49E2B /* Sources */ = {
			isa = PBXSourcesBuildPhase;
			buildActionMask = 2147483647;
			files = (
				5D8758072BF262F600B49E2B /* Fetch_ProjectTests.swift in Sources */,
			);
			runOnlyForDeploymentPostprocessing = 0;
		};
		5D8758082BF262F600B49E2B /* Sources */ = {
			isa = PBXSourcesBuildPhase;
			buildActionMask = 2147483647;
			files = (
				5D8758112BF262F600B49E2B /* Fetch_ProjectUITests.swift in Sources */,
				5D8758132BF262F600B49E2B /* Fetch_ProjectUITestsLaunchTests.swift in Sources */,
			);
			runOnlyForDeploymentPostprocessing = 0;
		};
/* End PBXSourcesBuildPhase section */

/* Begin PBXTargetDependency section */
		5D8758042BF262F600B49E2B /* PBXTargetDependency */ = {
			isa = PBXTargetDependency;
			target = 5D8757F12BF262F300B49E2B /* Fetch Project */;
			targetProxy = 5D8758032BF262F600B49E2B /* PBXContainerItemProxy */;
		};
		5D87580E2BF262F600B49E2B /* PBXTargetDependency */ = {
			isa = PBXTargetDependency;
			target = 5D8757F12BF262F300B49E2B /* Fetch Project */;
			targetProxy = 5D87580D2BF262F600B49E2B /* PBXContainerItemProxy */;
		};
/* End PBXTargetDependency section */

/* Begin XCBuildConfiguration section */
		5D8758142BF262F600B49E2B /* Debug */ = {
			isa = XCBuildConfiguration;
			buildSettings = {
				ALWAYS_SEARCH_USER_PATHS = NO;
				ASSETCATALOG_COMPILER_GENERATE_SWIFT_ASSET_SYMBOL_EXTENSIONS = YES;
				CLANG_ANALYZER_NONNULL = YES;
				CLANG_ANALYZER_NUMBER_OBJECT_CONVERSION = YES_AGGRESSIVE;
				CLANG_CXX_LANGUAGE_STANDARD = "gnu++20";
				CLANG_ENABLE_MODULES = YES;
				CLANG_ENABLE_OBJC_ARC = YES;
				CLANG_ENABLE_OBJC_WEAK = YES;
				CLANG_WARN_BLOCK_CAPTURE_AUTORELEASING = YES;
				CLANG_WARN_BOOL_CONVERSION = YES;
				CLANG_WARN_COMMA = YES;
				CLANG_WARN_CONSTANT_CONVERSION = YES;
				CLANG_WARN_DEPRECATED_OBJC_IMPLEMENTATIONS = YES;
				CLANG_WARN_DIRECT_OBJC_ISA_USAGE = YES_ERROR;
				CLANG_WARN_DOCUMENTATION_COMMENTS = YES;
				CLANG_WARN_EMPTY_BODY = YES;
				CLANG_WARN_ENUM_CONVERSION = YES;
				CLANG_WARN_INFINITE_RECURSION = YES;
				CLANG_WARN_INT_CONVERSION = YES;
				CLANG_WARN_NON_LITERAL_NULL_CONVERSION = YES;
				CLANG_WARN_OBJC_IMPLICIT_RETAIN_SELF = YES;
				CLANG_WARN_OBJC_LITERAL_CONVERSION = YES;
				CLANG_WARN_OBJC_ROOT_CLASS = YES_ERROR;
				CLANG_WARN_QUOTED_INCLUDE_IN_FRAMEWORK_HEADER = YES;
				CLANG_WARN_RANGE_LOOP_ANALYSIS = YES;
				CLANG_WARN_STRICT_PROTOTYPES = YES;
				CLANG_WARN_SUSPICIOUS_MOVE = YES;
				CLANG_WARN_UNGUARDED_AVAILABILITY = YES_AGGRESSIVE;
				CLANG_WARN_UNREACHABLE_CODE = YES;
				CLANG_WARN__DUPLICATE_METHOD_MATCH = YES;
				COPY_PHASE_STRIP = NO;
				DEBUG_INFORMATION_FORMAT = dwarf;
				ENABLE_STRICT_OBJC_MSGSEND = YES;
				ENABLE_TESTABILITY = YES;
				ENABLE_USER_SCRIPT_SANDBOXING = YES;
				GCC_C_LANGUAGE_STANDARD = gnu17;
				GCC_DYNAMIC_NO_PIC = NO;
				GCC_NO_COMMON_BLOCKS = YES;
				GCC_OPTIMIZATION_LEVEL = 0;
				GCC_PREPROCESSOR_DEFINITIONS = (
					"DEBUG=1",
					"$(inherited)",
				);
				GCC_WARN_64_TO_32_BIT_CONVERSION = YES;
				GCC_WARN_ABOUT_RETURN_TYPE = YES_ERROR;
				GCC_WARN_UNDECLARED_SELECTOR = YES;
				GCC_WARN_UNINITIALIZED_AUTOS = YES_AGGRESSIVE;
				GCC_WARN_UNUSED_FUNCTION = YES;
				GCC_WARN_UNUSED_VARIABLE = YES;
				IPHONEOS_DEPLOYMENT_TARGET = 17.4;
				LOCALIZATION_PREFERS_STRING_CATALOGS = YES;
				MTL_ENABLE_DEBUG_INFO = INCLUDE_SOURCE;
				MTL_FAST_MATH = YES;
				ONLY_ACTIVE_ARCH = YES;
				SDKROOT = iphoneos;
				SWIFT_ACTIVE_COMPILATION_CONDITIONS = "DEBUG $(inherited)";
				SWIFT_OPTIMIZATION_LEVEL = "-Onone";
			};
			name = Debug;
		};
		5D8758152BF262F600B49E2B /* Release */ = {
			isa = XCBuildConfiguration;
			buildSettings = {
				ALWAYS_SEARCH_USER_PATHS = NO;
				ASSETCATALOG_COMPILER_GENERATE_SWIFT_ASSET_SYMBOL_EXTENSIONS = YES;
				CLANG_ANALYZER_NONNULL = YES;
				CLANG_ANALYZER_NUMBER_OBJECT_CONVERSION = YES_AGGRESSIVE;
				CLANG_CXX_LANGUAGE_STANDARD = "gnu++20";
				CLANG_ENABLE_MODULES = YES;
				CLANG_ENABLE_OBJC_ARC = YES;
				CLANG_ENABLE_OBJC_WEAK = YES;
				CLANG_WARN_BLOCK_CAPTURE_AUTORELEASING = YES;
				CLANG_WARN_BOOL_CONVERSION = YES;
				CLANG_WARN_COMMA = YES;
				CLANG_WARN_CONSTANT_CONVERSION = YES;
				CLANG_WARN_DEPRECATED_OBJC_IMPLEMENTATIONS = YES;
				CLANG_WARN_DIRECT_OBJC_ISA_USAGE = YES_ERROR;
				CLANG_WARN_DOCUMENTATION_COMMENTS = YES;
				CLANG_WARN_EMPTY_BODY = YES;
				CLANG_WARN_ENUM_CONVERSION = YES;
				CLANG_WARN_INFINITE_RECURSION = YES;
				CLANG_WARN_INT_CONVERSION = YES;
				CLANG_WARN_NON_LITERAL_NULL_CONVERSION = YES;
				CLANG_WARN_OBJC_IMPLICIT_RETAIN_SELF = YES;
				CLANG_WARN_OBJC_LITERAL_CONVERSION = YES;
				CLANG_WARN_OBJC_ROOT_CLASS = YES_ERROR;
				CLANG_WARN_QUOTED_INCLUDE_IN_FRAMEWORK_HEADER = YES;
				CLANG_WARN_RANGE_LOOP_ANALYSIS = YES;
				CLANG_WARN_STRICT_PROTOTYPES = YES;
				CLANG_WARN_SUSPICIOUS_MOVE = YES;
				CLANG_WARN_UNGUARDED_AVAILABILITY = YES_AGGRESSIVE;
				CLANG_WARN_UNREACHABLE_CODE = YES;
				CLANG_WARN__DUPLICATE_METHOD_MATCH = YES;
				COPY_PHASE_STRIP = NO;
				DEBUG_INFORMATION_FORMAT = "dwarf-with-dsym";
				ENABLE_NS_ASSERTIONS = NO;
				ENABLE_STRICT_OBJC_MSGSEND = YES;
				ENABLE_USER_SCRIPT_SANDBOXING = YES;
				GCC_C_LANGUAGE_STANDARD = gnu17;
				GCC_NO_COMMON_BLOCKS = YES;
				GCC_WARN_64_TO_32_BIT_CONVERSION = YES;
				GCC_WARN_ABOUT_RETURN_TYPE = YES_ERROR;
				GCC_WARN_UNDECLARED_SELECTOR = YES;
				GCC_WARN_UNINITIALIZED_AUTOS = YES_AGGRESSIVE;
				GCC_WARN_UNUSED_FUNCTION = YES;
				GCC_WARN_UNUSED_VARIABLE = YES;
				IPHONEOS_DEPLOYMENT_TARGET = 17.4;
				LOCALIZATION_PREFERS_STRING_CATALOGS = YES;
				MTL_ENABLE_DEBUG_INFO = NO;
				MTL_FAST_MATH = YES;
				SDKROOT = iphoneos;
				SWIFT_COMPILATION_MODE = wholemodule;
				VALIDATE_PRODUCT = YES;
			};
			name = Release;
		};
		5D8758172BF262F600B49E2B /* Debug */ = {
			isa = XCBuildConfiguration;
			buildSettings = {
				ASSETCATALOG_COMPILER_APPICON_NAME = AppIcon;
				ASSETCATALOG_COMPILER_GLOBAL_ACCENT_COLOR_NAME = AccentColor;
				CODE_SIGN_STYLE = Automatic;
				CURRENT_PROJECT_VERSION = 1;
				DEVELOPMENT_ASSET_PATHS = "\"Fetch Project/Preview Content\"";
				DEVELOPMENT_TEAM = B4QGUY4D82;
				ENABLE_PREVIEWS = YES;
				GENERATE_INFOPLIST_FILE = YES;
				INFOPLIST_FILE = "Fetch-Project-Info.plist";
				INFOPLIST_KEY_UIApplicationSceneManifest_Generation = YES;
				INFOPLIST_KEY_UIApplicationSupportsIndirectInputEvents = YES;
				INFOPLIST_KEY_UILaunchScreen_Generation = YES;
				INFOPLIST_KEY_UISupportedInterfaceOrientations_iPad = "UIInterfaceOrientationPortrait UIInterfaceOrientationPortraitUpsideDown UIInterfaceOrientationLandscapeLeft UIInterfaceOrientationLandscapeRight";
				INFOPLIST_KEY_UISupportedInterfaceOrientations_iPhone = "UIInterfaceOrientationPortrait UIInterfaceOrientationLandscapeLeft UIInterfaceOrientationLandscapeRight";
				LD_RUNPATH_SEARCH_PATHS = (
					"$(inherited)",
					"@executable_path/Frameworks",
				);
				MARKETING_VERSION = 1.0;
				PRODUCT_BUNDLE_IDENTIFIER = "Casey-Tirrell.Fetch-Project";
				PRODUCT_NAME = "$(TARGET_NAME)";
				SWIFT_EMIT_LOC_STRINGS = YES;
				SWIFT_VERSION = 5.0;
				TARGETED_DEVICE_FAMILY = "1,2";
			};
			name = Debug;
		};
		5D8758182BF262F600B49E2B /* Release */ = {
			isa = XCBuildConfiguration;
			buildSettings = {
				ASSETCATALOG_COMPILER_APPICON_NAME = AppIcon;
				ASSETCATALOG_COMPILER_GLOBAL_ACCENT_COLOR_NAME = AccentColor;
				CODE_SIGN_STYLE = Automatic;
				CURRENT_PROJECT_VERSION = 1;
				DEVELOPMENT_ASSET_PATHS = "\"Fetch Project/Preview Content\"";
				DEVELOPMENT_TEAM = B4QGUY4D82;
				ENABLE_PREVIEWS = YES;
				GENERATE_INFOPLIST_FILE = YES;
				INFOPLIST_FILE = "Fetch-Project-Info.plist";
				INFOPLIST_KEY_UIApplicationSceneManifest_Generation = YES;
				INFOPLIST_KEY_UIApplicationSupportsIndirectInputEvents = YES;
				INFOPLIST_KEY_UILaunchScreen_Generation = YES;
				INFOPLIST_KEY_UISupportedInterfaceOrientations_iPad = "UIInterfaceOrientationPortrait UIInterfaceOrientationPortraitUpsideDown UIInterfaceOrientationLandscapeLeft UIInterfaceOrientationLandscapeRight";
				INFOPLIST_KEY_UISupportedInterfaceOrientations_iPhone = "UIInterfaceOrientationPortrait UIInterfaceOrientationLandscapeLeft UIInterfaceOrientationLandscapeRight";
				LD_RUNPATH_SEARCH_PATHS = (
					"$(inherited)",
					"@executable_path/Frameworks",
				);
				MARKETING_VERSION = 1.0;
				PRODUCT_BUNDLE_IDENTIFIER = "Casey-Tirrell.Fetch-Project";
				PRODUCT_NAME = "$(TARGET_NAME)";
				SWIFT_EMIT_LOC_STRINGS = YES;
				SWIFT_VERSION = 5.0;
				TARGETED_DEVICE_FAMILY = "1,2";
			};
			name = Release;
		};
		5D87581A2BF262F600B49E2B /* Debug */ = {
			isa = XCBuildConfiguration;
			buildSettings = {
				ALWAYS_EMBED_SWIFT_STANDARD_LIBRARIES = YES;
				BUNDLE_LOADER = "$(TEST_HOST)";
				CODE_SIGN_STYLE = Automatic;
				CURRENT_PROJECT_VERSION = 1;
				DEVELOPMENT_TEAM = B4QGUY4D82;
				GENERATE_INFOPLIST_FILE = YES;
				IPHONEOS_DEPLOYMENT_TARGET = 17.4;
				MARKETING_VERSION = 1.0;
				PRODUCT_BUNDLE_IDENTIFIER = "Casey-Tirrell.Fetch-ProjectTests";
				PRODUCT_NAME = "$(TARGET_NAME)";
				SWIFT_EMIT_LOC_STRINGS = NO;
				SWIFT_VERSION = 5.0;
				TARGETED_DEVICE_FAMILY = "1,2";
				TEST_HOST = "$(BUILT_PRODUCTS_DIR)/Fetch Project.app/$(BUNDLE_EXECUTABLE_FOLDER_PATH)/Fetch Project";
			};
			name = Debug;
		};
		5D87581B2BF262F600B49E2B /* Release */ = {
			isa = XCBuildConfiguration;
			buildSettings = {
				ALWAYS_EMBED_SWIFT_STANDARD_LIBRARIES = YES;
				BUNDLE_LOADER = "$(TEST_HOST)";
				CODE_SIGN_STYLE = Automatic;
				CURRENT_PROJECT_VERSION = 1;
				DEVELOPMENT_TEAM = B4QGUY4D82;
				GENERATE_INFOPLIST_FILE = YES;
				IPHONEOS_DEPLOYMENT_TARGET = 17.4;
				MARKETING_VERSION = 1.0;
				PRODUCT_BUNDLE_IDENTIFIER = "Casey-Tirrell.Fetch-ProjectTests";
				PRODUCT_NAME = "$(TARGET_NAME)";
				SWIFT_EMIT_LOC_STRINGS = NO;
				SWIFT_VERSION = 5.0;
				TARGETED_DEVICE_FAMILY = "1,2";
				TEST_HOST = "$(BUILT_PRODUCTS_DIR)/Fetch Project.app/$(BUNDLE_EXECUTABLE_FOLDER_PATH)/Fetch Project";
			};
			name = Release;
		};
		5D87581D2BF262F600B49E2B /* Debug */ = {
			isa = XCBuildConfiguration;
			buildSettings = {
				ALWAYS_EMBED_SWIFT_STANDARD_LIBRARIES = YES;
				CODE_SIGN_STYLE = Automatic;
				CURRENT_PROJECT_VERSION = 1;
				DEVELOPMENT_TEAM = B4QGUY4D82;
				GENERATE_INFOPLIST_FILE = YES;
				MARKETING_VERSION = 1.0;
				PRODUCT_BUNDLE_IDENTIFIER = "Casey-Tirrell.Fetch-ProjectUITests";
				PRODUCT_NAME = "$(TARGET_NAME)";
				SWIFT_EMIT_LOC_STRINGS = NO;
				SWIFT_VERSION = 5.0;
				TARGETED_DEVICE_FAMILY = "1,2";
				TEST_TARGET_NAME = "Fetch Project";
			};
			name = Debug;
		};
		5D87581E2BF262F600B49E2B /* Release */ = {
			isa = XCBuildConfiguration;
			buildSettings = {
				ALWAYS_EMBED_SWIFT_STANDARD_LIBRARIES = YES;
				CODE_SIGN_STYLE = Automatic;
				CURRENT_PROJECT_VERSION = 1;
				DEVELOPMENT_TEAM = B4QGUY4D82;
				GENERATE_INFOPLIST_FILE = YES;
				MARKETING_VERSION = 1.0;
				PRODUCT_BUNDLE_IDENTIFIER = "Casey-Tirrell.Fetch-ProjectUITests";
				PRODUCT_NAME = "$(TARGET_NAME)";
				SWIFT_EMIT_LOC_STRINGS = NO;
				SWIFT_VERSION = 5.0;
				TARGETED_DEVICE_FAMILY = "1,2";
				TEST_TARGET_NAME = "Fetch Project";
			};
			name = Release;
		};
/* End XCBuildConfiguration section */

/* Begin XCConfigurationList section */
		5D8757ED2BF262F300B49E2B /* Build configuration list for PBXProject "Fetch Project" */ = {
			isa = XCConfigurationList;
			buildConfigurations = (
				5D8758142BF262F600B49E2B /* Debug */,
				5D8758152BF262F600B49E2B /* Release */,
			);
			defaultConfigurationIsVisible = 0;
			defaultConfigurationName = Release;
		};
		5D8758162BF262F600B49E2B /* Build configuration list for PBXNativeTarget "Fetch Project" */ = {
			isa = XCConfigurationList;
			buildConfigurations = (
				5D8758172BF262F600B49E2B /* Debug */,
				5D8758182BF262F600B49E2B /* Release */,
			);
			defaultConfigurationIsVisible = 0;
			defaultConfigurationName = Release;
		};
		5D8758192BF262F600B49E2B /* Build configuration list for PBXNativeTarget "Fetch ProjectTests" */ = {
			isa = XCConfigurationList;
			buildConfigurations = (
				5D87581A2BF262F600B49E2B /* Debug */,
				5D87581B2BF262F600B49E2B /* Release */,
			);
			defaultConfigurationIsVisible = 0;
			defaultConfigurationName = Release;
		};
		5D87581C2BF262F600B49E2B /* Build configuration list for PBXNativeTarget "Fetch ProjectUITests" */ = {
			isa = XCConfigurationList;
			buildConfigurations = (
				5D87581D2BF262F600B49E2B /* Debug */,
				5D87581E2BF262F600B49E2B /* Release */,
			);
			defaultConfigurationIsVisible = 0;
			defaultConfigurationName = Release;
		};
/* End XCConfigurationList section */
	};
	rootObject = 5D8757EA2BF262F300B49E2B /* Project object */;
}
